// !$*UTF8*$!
{
	archiveVersion = 1;
	classes = {
	};
	objectVersion = 56;
	objects = {

/* Begin PBXBuildFile section */
		1EABA4142E6CA60000F3C4B2 /* AppDelegate.swift in Sources */ = {isa = PBXBuildFile; fileRef = 1EABA4132E6CA60000F3C4B2 /* AppDelegate.swift */; };
		1EABA4162E6CA60000F3C4B2 /* SceneDelegate.swift in Sources */ = {isa = PBXBuildFile; fileRef = 1EABA4152E6CA60000F3C4B2 /* SceneDelegate.swift */; };
		1EABA4182E6CA60000F3C4B2 /* ViewController.swift in Sources */ = {isa = PBXBuildFile; fileRef = 1EABA4172E6CA60000F3C4B2 /* ViewController.swift */; };
		1EABA41B2E6CA60000F3C4B2 /* Main.storyboard in Resources */ = {isa = PBXBuildFile; fileRef = 1EABA4192E6CA60000F3C4B2 /* Main.storyboard */; };
		1EABA41D2E6CA60200F3C4B2 /* Assets.xcassets in Resources */ = {isa = PBXBuildFile; fileRef = 1EABA41C2E6CA60200F3C4B2 /* Assets.xcassets */; };
		1EABA4202E6CA60200F3C4B2 /* LaunchScreen.storyboard in Resources */ = {isa = PBXBuildFile; fileRef = 1EABA41E2E6CA60200F3C4B2 /* LaunchScreen.storyboard */; };
		1EABA42B2E6CA60300F3C4B2 /* XOGameTests.swift in Sources */ = {isa = PBXBuildFile; fileRef = 1EABA42A2E6CA60300F3C4B2 /* XOGameTests.swift */; };
		1EABA4352E6CA60300F3C4B2 /* XOGameUITests.swift in Sources */ = {isa = PBXBuildFile; fileRef = 1EABA4342E6CA60300F3C4B2 /* XOGameUITests.swift */; };
		1EABA4372E6CA60300F3C4B2 /* XOGameUITestsLaunchTests.swift in Sources */ = {isa = PBXBuildFile; fileRef = 1EABA4362E6CA60300F3C4B2 /* XOGameUITestsLaunchTests.swift */; };
/* End PBXBuildFile section */

/* Begin PBXContainerItemProxy section */
		1EABA4272E6CA60300F3C4B2 /* PBXContainerItemProxy */ = {
			isa = PBXContainerItemProxy;
			containerPortal = 1EABA4082E6CA60000F3C4B2 /* Project object */;
			proxyType = 1;
			remoteGlobalIDString = 1EABA40F2E6CA60000F3C4B2;
			remoteInfo = XOGame;
		};
		1EABA4312E6CA60300F3C4B2 /* PBXContainerItemProxy */ = {
			isa = PBXContainerItemProxy;
			containerPortal = 1EABA4082E6CA60000F3C4B2 /* Project object */;
			proxyType = 1;
			remoteGlobalIDString = 1EABA40F2E6CA60000F3C4B2;
			remoteInfo = XOGame;
		};
/* End PBXContainerItemProxy section */

/* Begin PBXFileReference section */
		1EABA4102E6CA60000F3C4B2 /* XOGame.app */ = {isa = PBXFileReference; explicitFileType = wrapper.application; includeInIndex = 0; path = XOGame.app; sourceTree = BUILT_PRODUCTS_DIR; };
		1EABA4132E6CA60000F3C4B2 /* AppDelegate.swift */ = {isa = PBXFileReference; lastKnownFileType = sourcecode.swift; path = AppDelegate.swift; sourceTree = "<group>"; };
		1EABA4152E6CA60000F3C4B2 /* SceneDelegate.swift */ = {isa = PBXFileReference; lastKnownFileType = sourcecode.swift; path = SceneDelegate.swift; sourceTree = "<group>"; };
		1EABA4172E6CA60000F3C4B2 /* ViewController.swift */ = {isa = PBXFileReference; lastKnownFileType = sourcecode.swift; path = ViewController.swift; sourceTree = "<group>"; };
		1EABA41A2E6CA60000F3C4B2 /* Base */ = {isa = PBXFileReference; lastKnownFileType = file.storyboard; name = Base; path = Base.lproj/Main.storyboard; sourceTree = "<group>"; };
		1EABA41C2E6CA60200F3C4B2 /* Assets.xcassets */ = {isa = PBXFileReference; lastKnownFileType = folder.assetcatalog; path = Assets.xcassets; sourceTree = "<group>"; };
		1EABA41F2E6CA60200F3C4B2 /* Base */ = {isa = PBXFileReference; lastKnownFileType = file.storyboard; name = Base; path = Base.lproj/LaunchScreen.storyboard; sourceTree = "<group>"; };
		1EABA4212E6CA60200F3C4B2 /* Info.plist */ = {isa = PBXFileReference; lastKnownFileType = text.plist.xml; path = Info.plist; sourceTree = "<group>"; };
		1EABA4262E6CA60300F3C4B2 /* XOGameTests.xctest */ = {isa = PBXFileReference; explicitFileType = wrapper.cfbundle; includeInIndex = 0; path = XOGameTests.xctest; sourceTree = BUILT_PRODUCTS_DIR; };
		1EABA42A2E6CA60300F3C4B2 /* XOGameTests.swift */ = {isa = PBXFileReference; lastKnownFileType = sourcecode.swift; path = XOGameTests.swift; sourceTree = "<group>"; };
		1EABA4302E6CA60300F3C4B2 /* XOGameUITests.xctest */ = {isa = PBXFileReference; explicitFileType = wrapper.cfbundle; includeInIndex = 0; path = XOGameUITests.xctest; sourceTree = BUILT_PRODUCTS_DIR; };
		1EABA4342E6CA60300F3C4B2 /* XOGameUITests.swift */ = {isa = PBXFileReference; lastKnownFileType = sourcecode.swift; path = XOGameUITests.swift; sourceTree = "<group>"; };
		1EABA4362E6CA60300F3C4B2 /* XOGameUITestsLaunchTests.swift */ = {isa = PBXFileReference; lastKnownFileType = sourcecode.swift; path = XOGameUITestsLaunchTests.swift; sourceTree = "<group>"; };
/* End PBXFileReference section */

/* Begin PBXFrameworksBuildPhase section */
		1EABA40D2E6CA60000F3C4B2 /* Frameworks */ = {
			isa = PBXFrameworksBuildPhase;
			buildActionMask = 2147483647;
			files = (
			);
			runOnlyForDeploymentPostprocessing = 0;
		};
		1EABA4232E6CA60300F3C4B2 /* Frameworks */ = {
			isa = PBXFrameworksBuildPhase;
			buildActionMask = 2147483647;
			files = (
			);
			runOnlyForDeploymentPostprocessing = 0;
		};
		1EABA42D2E6CA60300F3C4B2 /* Frameworks */ = {
			isa = PBXFrameworksBuildPhase;
			buildActionMask = 2147483647;
			files = (
			);
			runOnlyForDeploymentPostprocessing = 0;
		};
/* End PBXFrameworksBuildPhase section */

/* Begin PBXGroup section */
		1EABA4072E6CA60000F3C4B2 = {
			isa = PBXGroup;
			children = (
				1EABA4122E6CA60000F3C4B2 /* XOGame */,
				1EABA4292E6CA60300F3C4B2 /* XOGameTests */,
				1EABA4332E6CA60300F3C4B2 /* XOGameUITests */,
				1EABA4112E6CA60000F3C4B2 /* Products */,
			);
			sourceTree = "<group>";
		};
		1EABA4112E6CA60000F3C4B2 /* Products */ = {
			isa = PBXGroup;
			children = (
				1EABA4102E6CA60000F3C4B2 /* XOGame.app */,
				1EABA4262E6CA60300F3C4B2 /* XOGameTests.xctest */,
				1EABA4302E6CA60300F3C4B2 /* XOGameUITests.xctest */,
			);
			name = Products;
			sourceTree = "<group>";
		};
		1EABA4122E6CA60000F3C4B2 /* XOGame */ = {
			isa = PBXGroup;
			children = (
				1EABA4132E6CA60000F3C4B2 /* AppDelegate.swift */,
				1EABA4152E6CA60000F3C4B2 /* SceneDelegate.swift */,
				1EABA4172E6CA60000F3C4B2 /* ViewController.swift */,
				1EABA4192E6CA60000F3C4B2 /* Main.storyboard */,
				1EABA41C2E6CA60200F3C4B2 /* Assets.xcassets */,
				1EABA41E2E6CA60200F3C4B2 /* LaunchScreen.storyboard */,
				1EABA4212E6CA60200F3C4B2 /* Info.plist */,
			);
			path = XOGame;
			sourceTree = "<group>";
		};
		1EABA4292E6CA60300F3C4B2 /* XOGameTests */ = {
			isa = PBXGroup;
			children = (
				1EABA42A2E6CA60300F3C4B2 /* XOGameTests.swift */,
			);
			path = XOGameTests;
			sourceTree = "<group>";
		};
		1EABA4332E6CA60300F3C4B2 /* XOGameUITests */ = {
			isa = PBXGroup;
			children = (
				1EABA4342E6CA60300F3C4B2 /* XOGameUITests.swift */,
				1EABA4362E6CA60300F3C4B2 /* XOGameUITestsLaunchTests.swift */,
			);
			path = XOGameUITests;
			sourceTree = "<group>";
		};
/* End PBXGroup section */

/* Begin PBXNativeTarget section */
		1EABA40F2E6CA60000F3C4B2 /* XOGame */ = {
			isa = PBXNativeTarget;
			buildConfigurationList = 1EABA43A2E6CA60300F3C4B2 /* Build configuration list for PBXNativeTarget "XOGame" */;
			buildPhases = (
				1EABA40C2E6CA60000F3C4B2 /* Sources */,
				1EABA40D2E6CA60000F3C4B2 /* Frameworks */,
				1EABA40E2E6CA60000F3C4B2 /* Resources */,
			);
			buildRules = (
			);
			dependencies = (
			);
			name = XOGame;
			productName = XOGame;
			productReference = 1EABA4102E6CA60000F3C4B2 /* XOGame.app */;
			productType = "com.apple.product-type.application";
		};
		1EABA4252E6CA60300F3C4B2 /* XOGameTests */ = {
			isa = PBXNativeTarget;
			buildConfigurationList = 1EABA43D2E6CA60300F3C4B2 /* Build configuration list for PBXNativeTarget "XOGameTests" */;
			buildPhases = (
				1EABA4222E6CA60300F3C4B2 /* Sources */,
				1EABA4232E6CA60300F3C4B2 /* Frameworks */,
				1EABA4242E6CA60300F3C4B2 /* Resources */,
			);
			buildRules = (
			);
			dependencies = (
				1EABA4282E6CA60300F3C4B2 /* PBXTargetDependency */,
			);
			name = XOGameTests;
			productName = XOGameTests;
			productReference = 1EABA4262E6CA60300F3C4B2 /* XOGameTests.xctest */;
			productType = "com.apple.product-type.bundle.unit-test";
		};
		1EABA42F2E6CA60300F3C4B2 /* XOGameUITests */ = {
			isa = PBXNativeTarget;
			buildConfigurationList = 1EABA4402E6CA60300F3C4B2 /* Build configuration list for PBXNativeTarget "XOGameUITests" */;
			buildPhases = (
				1EABA42C2E6CA60300F3C4B2 /* Sources */,
				1EABA42D2E6CA60300F3C4B2 /* Frameworks */,
				1EABA42E2E6CA60300F3C4B2 /* Resources */,
			);
			buildRules = (
			);
			dependencies = (
				1EABA4322E6CA60300F3C4B2 /* PBXTargetDependency */,
			);
			name = XOGameUITests;
			productName = XOGameUITests;
			productReference = 1EABA4302E6CA60300F3C4B2 /* XOGameUITests.xctest */;
			productType = "com.apple.product-type.bundle.ui-testing";
		};
/* End PBXNativeTarget section */

/* Begin PBXProject section */
		1EABA4082E6CA60000F3C4B2 /* Project object */ = {
			isa = PBXProject;
			attributes = {
				BuildIndependentTargetsInParallel = 1;
				LastSwiftUpdateCheck = 1410;
				LastUpgradeCheck = 1410;
				TargetAttributes = {
					1EABA40F2E6CA60000F3C4B2 = {
						CreatedOnToolsVersion = 14.1;
					};
					1EABA4252E6CA60300F3C4B2 = {
						CreatedOnToolsVersion = 14.1;
						TestTargetID = 1EABA40F2E6CA60000F3C4B2;
					};
					1EABA42F2E6CA60300F3C4B2 = {
						CreatedOnToolsVersion = 14.1;
						TestTargetID = 1EABA40F2E6CA60000F3C4B2;
					};
				};
			};
			buildConfigurationList = 1EABA40B2E6CA60000F3C4B2 /* Build configuration list for PBXProject "XOGame" */;
			compatibilityVersion = "Xcode 14.0";
			developmentRegion = en;
			hasScannedForEncodings = 0;
			knownRegions = (
				en,
				Base,
			);
			mainGroup = 1EABA4072E6CA60000F3C4B2;
			productRefGroup = 1EABA4112E6CA60000F3C4B2 /* Products */;
			projectDirPath = "";
			projectRoot = "";
			targets = (
				1EABA40F2E6CA60000F3C4B2 /* XOGame */,
				1EABA4252E6CA60300F3C4B2 /* XOGameTests */,
				1EABA42F2E6CA60300F3C4B2 /* XOGameUITests */,
			);
		};
/* End PBXProject section */

/* Begin PBXResourcesBuildPhase section */
		1EABA40E2E6CA60000F3C4B2 /* Resources */ = {
			isa = PBXResourcesBuildPhase;
			buildActionMask = 2147483647;
			files = (
				1EABA4202E6CA60200F3C4B2 /* LaunchScreen.storyboard in Resources */,
				1EABA41D2E6CA60200F3C4B2 /* Assets.xcassets in Resources */,
				1EABA41B2E6CA60000F3C4B2 /* Main.storyboard in Resources */,
			);
			runOnlyForDeploymentPostprocessing = 0;
		};
		1EABA4242E6CA60300F3C4B2 /* Resources */ = {
			isa = PBXResourcesBuildPhase;
			buildActionMask = 2147483647;
			files = (
			);
			runOnlyForDeploymentPostprocessing = 0;
		};
		1EABA42E2E6CA60300F3C4B2 /* Resources */ = {
			isa = PBXResourcesBuildPhase;
			buildActionMask = 2147483647;
			files = (
			);
			runOnlyForDeploymentPostprocessing = 0;
		};
/* End PBXResourcesBuildPhase section */

/* Begin PBXSourcesBuildPhase section */
		1EABA40C2E6CA60000F3C4B2 /* Sources */ = {
			isa = PBXSourcesBuildPhase;
			buildActionMask = 2147483647;
			files = (
				1EABA4182E6CA60000F3C4B2 /* ViewController.swift in Sources */,
				1EABA4142E6CA60000F3C4B2 /* AppDelegate.swift in Sources */,
				1EABA4162E6CA60000F3C4B2 /* SceneDelegate.swift in Sources */,
			);
			runOnlyForDeploymentPostprocessing = 0;
		};
		1EABA4222E6CA60300F3C4B2 /* Sources */ = {
			isa = PBXSourcesBuildPhase;
			buildActionMask = 2147483647;
			files = (
				1EABA42B2E6CA60300F3C4B2 /* XOGameTests.swift in Sources */,
			);
			runOnlyForDeploymentPostprocessing = 0;
		};
		1EABA42C2E6CA60300F3C4B2 /* Sources */ = {
			isa = PBXSourcesBuildPhase;
			buildActionMask = 2147483647;
			files = (
				1EABA4352E6CA60300F3C4B2 /* XOGameUITests.swift in Sources */,
				1EABA4372E6CA60300F3C4B2 /* XOGameUITestsLaunchTests.swift in Sources */,
			);
			runOnlyForDeploymentPostprocessing = 0;
		};
/* End PBXSourcesBuildPhase section */

/* Begin PBXTargetDependency section */
		1EABA4282E6CA60300F3C4B2 /* PBXTargetDependency */ = {
			isa = PBXTargetDependency;
			target = 1EABA40F2E6CA60000F3C4B2 /* XOGame */;
			targetProxy = 1EABA4272E6CA60300F3C4B2 /* PBXContainerItemProxy */;
		};
		1EABA4322E6CA60300F3C4B2 /* PBXTargetDependency */ = {
			isa = PBXTargetDependency;
			target = 1EABA40F2E6CA60000F3C4B2 /* XOGame */;
			targetProxy = 1EABA4312E6CA60300F3C4B2 /* PBXContainerItemProxy */;
		};
/* End PBXTargetDependency section */

/* Begin PBXVariantGroup section */
		1EABA4192E6CA60000F3C4B2 /* Main.storyboard */ = {
			isa = PBXVariantGroup;
			children = (
				1EABA41A2E6CA60000F3C4B2 /* Base */,
			);
			name = Main.storyboard;
			sourceTree = "<group>";
		};
		1EABA41E2E6CA60200F3C4B2 /* LaunchScreen.storyboard */ = {
			isa = PBXVariantGroup;
			children = (
				1EABA41F2E6CA60200F3C4B2 /* Base */,
			);
			name = LaunchScreen.storyboard;
			sourceTree = "<group>";
		};
/* End PBXVariantGroup section */

/* Begin XCBuildConfiguration section */
		1EABA4382E6CA60300F3C4B2 /* Debug */ = {
			isa = XCBuildConfiguration;
			buildSettings = {
				ALWAYS_SEARCH_USER_PATHS = NO;
				CLANG_ANALYZER_NONNULL = YES;
				CLANG_ANALYZER_NUMBER_OBJECT_CONVERSION = YES_AGGRESSIVE;
				CLANG_CXX_LANGUAGE_STANDARD = "gnu++20";
				CLANG_ENABLE_MODULES = YES;
				CLANG_ENABLE_OBJC_ARC = YES;
				CLANG_ENABLE_OBJC_WEAK = YES;
				CLANG_WARN_BLOCK_CAPTURE_AUTORELEASING = YES;
				CLANG_WARN_BOOL_CONVERSION = YES;
				CLANG_WARN_COMMA = YES;
				CLANG_WARN_CONSTANT_CONVERSION = YES;
				CLANG_WARN_DEPRECATED_OBJC_IMPLEMENTATIONS = YES;
				CLANG_WARN_DIRECT_OBJC_ISA_USAGE = YES_ERROR;
				CLANG_WARN_DOCUMENTATION_COMMENTS = YES;
				CLANG_WARN_EMPTY_BODY = YES;
				CLANG_WARN_ENUM_CONVERSION = YES;
				CLANG_WARN_INFINITE_RECURSION = YES;
				CLANG_WARN_INT_CONVERSION = YES;
				CLANG_WARN_NON_LITERAL_NULL_CONVERSION = YES;
				CLANG_WARN_OBJC_IMPLICIT_RETAIN_SELF = YES;
				CLANG_WARN_OBJC_LITERAL_CONVERSION = YES;
				CLANG_WARN_OBJC_ROOT_CLASS = YES_ERROR;
				CLANG_WARN_QUOTED_INCLUDE_IN_FRAMEWORK_HEADER = YES;
				CLANG_WARN_RANGE_LOOP_ANALYSIS = YES;
				CLANG_WARN_STRICT_PROTOTYPES = YES;
				CLANG_WARN_SUSPICIOUS_MOVE = YES;
				CLANG_WARN_UNGUARDED_AVAILABILITY = YES_AGGRESSIVE;
				CLANG_WARN_UNREACHABLE_CODE = YES;
				CLANG_WARN__DUPLICATE_METHOD_MATCH = YES;
				COPY_PHASE_STRIP = NO;
				DEBUG_INFORMATION_FORMAT = dwarf;
				ENABLE_STRICT_OBJC_MSGSEND = YES;
				ENABLE_TESTABILITY = YES;
				GCC_C_LANGUAGE_STANDARD = gnu11;
				GCC_DYNAMIC_NO_PIC = NO;
				GCC_NO_COMMON_BLOCKS = YES;
				GCC_OPTIMIZATION_LEVEL = 0;
				GCC_PREPROCESSOR_DEFINITIONS = (
					"DEBUG=1",
					"$(inherited)",
				);
				GCC_WARN_64_TO_32_BIT_CONVERSION = YES;
				GCC_WARN_ABOUT_RETURN_TYPE = YES_ERROR;
				GCC_WARN_UNDECLARED_SELECTOR = YES;
				GCC_WARN_UNINITIALIZED_AUTOS = YES_AGGRESSIVE;
				GCC_WARN_UNUSED_FUNCTION = YES;
				GCC_WARN_UNUSED_VARIABLE = YES;
				IPHONEOS_DEPLOYMENT_TARGET = 16.1;
				MTL_ENABLE_DEBUG_INFO = INCLUDE_SOURCE;
				MTL_FAST_MATH = YES;
				ONLY_ACTIVE_ARCH = YES;
				SDKROOT = iphoneos;
				SWIFT_ACTIVE_COMPILATION_CONDITIONS = DEBUG;
				SWIFT_OPTIMIZATION_LEVEL = "-Onone";
			};
			name = Debug;
		};
		1EABA4392E6CA60300F3C4B2 /* Release */ = {
			isa = XCBuildConfiguration;
			buildSettings = {
				ALWAYS_SEARCH_USER_PATHS = NO;
				CLANG_ANALYZER_NONNULL = YES;
				CLANG_ANALYZER_NUMBER_OBJECT_CONVERSION = YES_AGGRESSIVE;
				CLANG_CXX_LANGUAGE_STANDARD = "gnu++20";
				CLANG_ENABLE_MODULES = YES;
				CLANG_ENABLE_OBJC_ARC = YES;
				CLANG_ENABLE_OBJC_WEAK = YES;
				CLANG_WARN_BLOCK_CAPTURE_AUTORELEASING = YES;
				CLANG_WARN_BOOL_CONVERSION = YES;
				CLANG_WARN_COMMA = YES;
				CLANG_WARN_CONSTANT_CONVERSION = YES;
				CLANG_WARN_DEPRECATED_OBJC_IMPLEMENTATIONS = YES;
				CLANG_WARN_DIRECT_OBJC_ISA_USAGE = YES_ERROR;
				CLANG_WARN_DOCUMENTATION_COMMENTS = YES;
				CLANG_WARN_EMPTY_BODY = YES;
				CLANG_WARN_ENUM_CONVERSION = YES;
				CLANG_WARN_INFINITE_RECURSION = YES;
				CLANG_WARN_INT_CONVERSION = YES;
				CLANG_WARN_NON_LITERAL_NULL_CONVERSION = YES;
				CLANG_WARN_OBJC_IMPLICIT_RETAIN_SELF = YES;
				CLANG_WARN_OBJC_LITERAL_CONVERSION = YES;
				CLANG_WARN_OBJC_ROOT_CLASS = YES_ERROR;
				CLANG_WARN_QUOTED_INCLUDE_IN_FRAMEWORK_HEADER = YES;
				CLANG_WARN_RANGE_LOOP_ANALYSIS = YES;
				CLANG_WARN_STRICT_PROTOTYPES = YES;
				CLANG_WARN_SUSPICIOUS_MOVE = YES;
				CLANG_WARN_UNGUARDED_AVAILABILITY = YES_AGGRESSIVE;
				CLANG_WARN_UNREACHABLE_CODE = YES;
				CLANG_WARN__DUPLICATE_METHOD_MATCH = YES;
				COPY_PHASE_STRIP = NO;
				DEBUG_INFORMATION_FORMAT = "dwarf-with-dsym";
				ENABLE_NS_ASSERTIONS = NO;
				ENABLE_STRICT_OBJC_MSGSEND = YES;
				GCC_C_LANGUAGE_STANDARD = gnu11;
				GCC_NO_COMMON_BLOCKS = YES;
				GCC_WARN_64_TO_32_BIT_CONVERSION = YES;
				GCC_WARN_ABOUT_RETURN_TYPE = YES_ERROR;
				GCC_WARN_UNDECLARED_SELECTOR = YES;
				GCC_WARN_UNINITIALIZED_AUTOS = YES_AGGRESSIVE;
				GCC_WARN_UNUSED_FUNCTION = YES;
				GCC_WARN_UNUSED_VARIABLE = YES;
				IPHONEOS_DEPLOYMENT_TARGET = 16.1;
				MTL_ENABLE_DEBUG_INFO = NO;
				MTL_FAST_MATH = YES;
				SDKROOT = iphoneos;
				SWIFT_COMPILATION_MODE = wholemodule;
				SWIFT_OPTIMIZATION_LEVEL = "-O";
				VALIDATE_PRODUCT = YES;
			};
			name = Release;
		};
		1EABA43B2E6CA60300F3C4B2 /* Debug */ = {
			isa = XCBuildConfiguration;
			buildSettings = {
				ASSETCATALOG_COMPILER_APPICON_NAME = AppIcon;
				ASSETCATALOG_COMPILER_GLOBAL_ACCENT_COLOR_NAME = AccentColor;
				CODE_SIGN_STYLE = Automatic;
				CURRENT_PROJECT_VERSION = 1;
				GENERATE_INFOPLIST_FILE = YES;
				INFOPLIST_FILE = XOGame/Info.plist;
				INFOPLIST_KEY_UIApplicationSupportsIndirectInputEvents = YES;
				INFOPLIST_KEY_UILaunchStoryboardName = LaunchScreen;
				INFOPLIST_KEY_UIMainStoryboardFile = Main;
				INFOPLIST_KEY_UISupportedInterfaceOrientations_iPad = "UIInterfaceOrientationPortrait UIInterfaceOrientationPortraitUpsideDown UIInterfaceOrientationLandscapeLeft UIInterfaceOrientationLandscapeRight";
				INFOPLIST_KEY_UISupportedInterfaceOrientations_iPhone = "UIInterfaceOrientationPortrait UIInterfaceOrientationLandscapeLeft UIInterfaceOrientationLandscapeRight";
				LD_RUNPATH_SEARCH_PATHS = (
					"$(inherited)",
					"@executable_path/Frameworks",
				);
				MARKETING_VERSION = 1.0;
				PRODUCT_BUNDLE_IDENTIFIER = FirstApp.XOGame;
				PRODUCT_NAME = "$(TARGET_NAME)";
				SWIFT_EMIT_LOC_STRINGS = YES;
				SWIFT_VERSION = 5.0;
				TARGETED_DEVICE_FAMILY = "1,2";
			};
			name = Debug;
		};
		1EABA43C2E6CA60300F3C4B2 /* Release */ = {
			isa = XCBuildConfiguration;
			buildSettings = {
				ASSETCATALOG_COMPILER_APPICON_NAME = AppIcon;
				ASSETCATALOG_COMPILER_GLOBAL_ACCENT_COLOR_NAME = AccentColor;
				CODE_SIGN_STYLE = Automatic;
				CURRENT_PROJECT_VERSION = 1;
				GENERATE_INFOPLIST_FILE = YES;
				INFOPLIST_FILE = XOGame/Info.plist;
				INFOPLIST_KEY_UIApplicationSupportsIndirectInputEvents = YES;
				INFOPLIST_KEY_UILaunchStoryboardName = LaunchScreen;
				INFOPLIST_KEY_UIMainStoryboardFile = Main;
				INFOPLIST_KEY_UISupportedInterfaceOrientations_iPad = "UIInterfaceOrientationPortrait UIInterfaceOrientationPortraitUpsideDown UIInterfaceOrientationLandscapeLeft UIInterfaceOrientationLandscapeRight";
				INFOPLIST_KEY_UISupportedInterfaceOrientations_iPhone = "UIInterfaceOrientationPortrait UIInterfaceOrientationLandscapeLeft UIInterfaceOrientationLandscapeRight";
				LD_RUNPATH_SEARCH_PATHS = (
					"$(inherited)",
					"@executable_path/Frameworks",
				);
				MARKETING_VERSION = 1.0;
				PRODUCT_BUNDLE_IDENTIFIER = FirstApp.XOGame;
				PRODUCT_NAME = "$(TARGET_NAME)";
				SWIFT_EMIT_LOC_STRINGS = YES;
				SWIFT_VERSION = 5.0;
				TARGETED_DEVICE_FAMILY = "1,2";
			};
			name = Release;
		};
		1EABA43E2E6CA60300F3C4B2 /* Debug */ = {
			isa = XCBuildConfiguration;
			buildSettings = {
				ALWAYS_EMBED_SWIFT_STANDARD_LIBRARIES = YES;
				BUNDLE_LOADER = "$(TEST_HOST)";
				CODE_SIGN_STYLE = Automatic;
				CURRENT_PROJECT_VERSION = 1;
				GENERATE_INFOPLIST_FILE = YES;
				IPHONEOS_DEPLOYMENT_TARGET = 16.1;
				MARKETING_VERSION = 1.0;
				PRODUCT_BUNDLE_IDENTIFIER = FirstApp.XOGameTests;
				PRODUCT_NAME = "$(TARGET_NAME)";
				SWIFT_EMIT_LOC_STRINGS = NO;
				SWIFT_VERSION = 5.0;
				TARGETED_DEVICE_FAMILY = "1,2";
				TEST_HOST = "$(BUILT_PRODUCTS_DIR)/XOGame.app/$(BUNDLE_EXECUTABLE_FOLDER_PATH)/XOGame";
			};
			name = Debug;
		};
		1EABA43F2E6CA60300F3C4B2 /* Release */ = {
			isa = XCBuildConfiguration;
			buildSettings = {
				ALWAYS_EMBED_SWIFT_STANDARD_LIBRARIES = YES;
				BUNDLE_LOADER = "$(TEST_HOST)";
				CODE_SIGN_STYLE = Automatic;
				CURRENT_PROJECT_VERSION = 1;
				GENERATE_INFOPLIST_FILE = YES;
				IPHONEOS_DEPLOYMENT_TARGET = 16.1;
				MARKETING_VERSION = 1.0;
				PRODUCT_BUNDLE_IDENTIFIER = FirstApp.XOGameTests;
				PRODUCT_NAME = "$(TARGET_NAME)";
				SWIFT_EMIT_LOC_STRINGS = NO;
				SWIFT_VERSION = 5.0;
				TARGETED_DEVICE_FAMILY = "1,2";
				TEST_HOST = "$(BUILT_PRODUCTS_DIR)/XOGame.app/$(BUNDLE_EXECUTABLE_FOLDER_PATH)/XOGame";
			};
			name = Release;
		};
		1EABA4412E6CA60300F3C4B2 /* Debug */ = {
			isa = XCBuildConfiguration;
			buildSettings = {
				ALWAYS_EMBED_SWIFT_STANDARD_LIBRARIES = YES;
				CODE_SIGN_STYLE = Automatic;
				CURRENT_PROJECT_VERSION = 1;
				GENERATE_INFOPLIST_FILE = YES;
				MARKETING_VERSION = 1.0;
				PRODUCT_BUNDLE_IDENTIFIER = FirstApp.XOGameUITests;
				PRODUCT_NAME = "$(TARGET_NAME)";
				SWIFT_EMIT_LOC_STRINGS = NO;
				SWIFT_VERSION = 5.0;
				TARGETED_DEVICE_FAMILY = "1,2";
				TEST_TARGET_NAME = XOGame;
			};
			name = Debug;
		};
		1EABA4422E6CA60300F3C4B2 /* Release */ = {
			isa = XCBuildConfiguration;
			buildSettings = {
				ALWAYS_EMBED_SWIFT_STANDARD_LIBRARIES = YES;
				CODE_SIGN_STYLE = Automatic;
				CURRENT_PROJECT_VERSION = 1;
				GENERATE_INFOPLIST_FILE = YES;
				MARKETING_VERSION = 1.0;
				PRODUCT_BUNDLE_IDENTIFIER = FirstApp.XOGameUITests;
				PRODUCT_NAME = "$(TARGET_NAME)";
				SWIFT_EMIT_LOC_STRINGS = NO;
				SWIFT_VERSION = 5.0;
				TARGETED_DEVICE_FAMILY = "1,2";
				TEST_TARGET_NAME = XOGame;
			};
			name = Release;
		};
/* End XCBuildConfiguration section */

/* Begin XCConfigurationList section */
		1EABA40B2E6CA60000F3C4B2 /* Build configuration list for PBXProject "XOGame" */ = {
			isa = XCConfigurationList;
			buildConfigurations = (
				1EABA4382E6CA60300F3C4B2 /* Debug */,
				1EABA4392E6CA60300F3C4B2 /* Release */,
			);
			defaultConfigurationIsVisible = 0;
			defaultConfigurationName = Release;
		};
		1EABA43A2E6CA60300F3C4B2 /* Build configuration list for PBXNativeTarget "XOGame" */ = {
			isa = XCConfigurationList;
			buildConfigurations = (
				1EABA43B2E6CA60300F3C4B2 /* Debug */,
				1EABA43C2E6CA60300F3C4B2 /* Release */,
			);
			defaultConfigurationIsVisible = 0;
			defaultConfigurationName = Release;
		};
		1EABA43D2E6CA60300F3C4B2 /* Build configuration list for PBXNativeTarget "XOGameTests" */ = {
			isa = XCConfigurationList;
			buildConfigurations = (
				1EABA43E2E6CA60300F3C4B2 /* Debug */,
				1EABA43F2E6CA60300F3C4B2 /* Release */,
			);
			defaultConfigurationIsVisible = 0;
			defaultConfigurationName = Release;
		};
		1EABA4402E6CA60300F3C4B2 /* Build configuration list for PBXNativeTarget "XOGameUITests" */ = {
			isa = XCConfigurationList;
			buildConfigurations = (
				1EABA4412E6CA60300F3C4B2 /* Debug */,
				1EABA4422E6CA60300F3C4B2 /* Release */,
			);
			defaultConfigurationIsVisible = 0;
			defaultConfigurationName = Release;
		};
/* End XCConfigurationList section */
	};
	rootObject = 1EABA4082E6CA60000F3C4B2 /* Project object */;
}
